
Microsoft Visual Studio Solution File, Format Version 12.00
# Visual Studio Version 17
VisualStudioVersion = 17.3.32825.248
MinimumVisualStudioVersion = 10.0.40219.1
Project("{9A19103F-16F7-4668-BE54-9A1E7A4F7556}") = "Payment-api.Application", "src\Payment-api.Application\Payment-api.Application.csproj", "{DDF5EE87-2264-42A9-9F11-026278CC95E6}"
EndProject
Project("{9A19103F-16F7-4668-BE54-9A1E7A4F7556}") = "Payment-api.Domain", "src\Payment-api.Domain\Payment-api.Domain.csproj", "{F10625ED-72DC-4B6A-B94E-B1B388C3BC0A}"
EndProject
Project("{9A19103F-16F7-4668-BE54-9A1E7A4F7556}") = "Payment-api.Infra.Data", "src\Payment-api.Infra.Data\Payment-api.Infra.Data.csproj", "{DF75EDC2-48D7-4E0A-AB87-3DF8E8DCA67D}"
EndProject
Project("{9A19103F-16F7-4668-BE54-9A1E7A4F7556}") = "Payment-api.Infra.IOC", "src\Payment-api.Infra.IOC\Payment-api.Infra.IOC.csproj", "{9241A3C2-FE76-42D9-AD7F-0D6E743C0962}"
EndProject
Project("{9A19103F-16F7-4668-BE54-9A1E7A4F7556}") = "Payment-api.WebAPI", "src\Payment-api.WebAPI\Payment-api.WebAPI.csproj", "{7E384DF9-2DB2-42F2-96EB-6D86450A3146}"
EndProject
Project("{E53339B2-1760-4266-BCC7-CA923CBCF16C}") = "docker-compose", "docker-compose.dcproj", "{6F95E018-E9ED-415D-A92E-A2857D92B5B5}"
EndProject
Global
	GlobalSection(SolutionConfigurationPlatforms) = preSolution
		Debug|Any CPU = Debug|Any CPU
		Release|Any CPU = Release|Any CPU
	EndGlobalSection
	GlobalSection(ProjectConfigurationPlatforms) = postSolution
		{DDF5EE87-2264-42A9-9F11-026278CC95E6}.Debug|Any CPU.ActiveCfg = Debug|Any CPU
		{DDF5EE87-2264-42A9-9F11-026278CC95E6}.Debug|Any CPU.Build.0 = Debug|Any CPU
		{DDF5EE87-2264-42A9-9F11-026278CC95E6}.Release|Any CPU.ActiveCfg = Release|Any CPU
		{DDF5EE87-2264-42A9-9F11-026278CC95E6}.Release|Any CPU.Build.0 = Release|Any CPU
		{F10625ED-72DC-4B6A-B94E-B1B388C3BC0A}.Debug|Any CPU.ActiveCfg = Debug|Any CPU
		{F10625ED-72DC-4B6A-B94E-B1B388C3BC0A}.Debug|Any CPU.Build.0 = Debug|Any CPU
		{F10625ED-72DC-4B6A-B94E-B1B388C3BC0A}.Release|Any CPU.ActiveCfg = Release|Any CPU
		{F10625ED-72DC-4B6A-B94E-B1B388C3BC0A}.Release|Any CPU.Build.0 = Release|Any CPU
		{DF75EDC2-48D7-4E0A-AB87-3DF8E8DCA67D}.Debug|Any CPU.ActiveCfg = Debug|Any CPU
		{DF75EDC2-48D7-4E0A-AB87-3DF8E8DCA67D}.Debug|Any CPU.Build.0 = Debug|Any CPU
		{DF75EDC2-48D7-4E0A-AB87-3DF8E8DCA67D}.Release|Any CPU.ActiveCfg = Release|Any CPU
		{DF75EDC2-48D7-4E0A-AB87-3DF8E8DCA67D}.Release|Any CPU.Build.0 = Release|Any CPU
		{9241A3C2-FE76-42D9-AD7F-0D6E743C0962}.Debug|Any CPU.ActiveCfg = Debug|Any CPU
		{9241A3C2-FE76-42D9-AD7F-0D6E743C0962}.Debug|Any CPU.Build.0 = Debug|Any CPU
		{9241A3C2-FE76-42D9-AD7F-0D6E743C0962}.Release|Any CPU.ActiveCfg = Release|Any CPU
		{9241A3C2-FE76-42D9-AD7F-0D6E743C0962}.Release|Any CPU.Build.0 = Release|Any CPU
		{7E384DF9-2DB2-42F2-96EB-6D86450A3146}.Debug|Any CPU.ActiveCfg = Debug|Any CPU
		{7E384DF9-2DB2-42F2-96EB-6D86450A3146}.Debug|Any CPU.Build.0 = Debug|Any CPU
		{7E384DF9-2DB2-42F2-96EB-6D86450A3146}.Release|Any CPU.ActiveCfg = Release|Any CPU
		{7E384DF9-2DB2-42F2-96EB-6D86450A3146}.Release|Any CPU.Build.0 = Release|Any CPU
		{6F95E018-E9ED-415D-A92E-A2857D92B5B5}.Debug|Any CPU.ActiveCfg = Debug|Any CPU
		{6F95E018-E9ED-415D-A92E-A2857D92B5B5}.Debug|Any CPU.Build.0 = Debug|Any CPU
		{6F95E018-E9ED-415D-A92E-A2857D92B5B5}.Release|Any CPU.ActiveCfg = Release|Any CPU
		{6F95E018-E9ED-415D-A92E-A2857D92B5B5}.Release|Any CPU.Build.0 = Release|Any CPU
	EndGlobalSection
	GlobalSection(SolutionProperties) = preSolution
		HideSolutionNode = FALSE
	EndGlobalSection
	GlobalSection(ExtensibilityGlobals) = postSolution
		SolutionGuid = {E2F08B29-3BF4-4EC3-A5CF-E109F53DAA94}
	EndGlobalSection
EndGlobal
